
Microsoft Visual Studio Solution File, Format Version 12.00
# Visual Studio Version 17
VisualStudioVersion = 17.4.33110.190
MinimumVisualStudioVersion = 10.0.40219.1
Project("{FAE04EC0-301F-11D3-BF4B-00C04F79EFBC}") = "Client", "Client.csproj", "{8F5A7611-4C70-4232-9512-6C2D35412EB7}"
EndProject
Global
	GlobalSection(SolutionConfigurationPlatforms) = preSolution
		Debug|Any CPU = Debug|Any CPU
		Release|Any CPU = Release|Any CPU
	EndGlobalSection
	GlobalSection(ProjectConfigurationPlatforms) = postSolution
		{8F5A7611-4C70-4232-9512-6C2D35412EB7}.Debug|Any CPU.ActiveCfg = Debug|Any CPU
		{8F5A7611-4C70-4232-9512-6C2D35412EB7}.Debug|Any CPU.Build.0 = Debug|Any CPU
		{8F5A7611-4C70-4232-9512-6C2D35412EB7}.Release|Any CPU.ActiveCfg = Release|Any CPU
		{8F5A7611-4C70-4232-9512-6C2D35412EB7}.Release|Any CPU.Build.0 = Release|Any CPU
	EndGlobalSection
	GlobalSection(SolutionProperties) = preSolution
		HideSolutionNode = FALSE
	EndGlobalSection
	GlobalSection(ExtensibilityGlobals) = postSolution
		SolutionGuid = {6E07D10F-E30F-44B6-9FE0-FD232071D107}
	EndGlobalSection
EndGlobal
