
Microsoft Visual Studio Solution File, Format Version 12.00
# Visual Studio 14
VisualStudioVersion = 14.0.23107.0
MinimumVisualStudioVersion = 10.0.40219.1
Project("{FAE04EC0-301F-11D3-BF4B-00C04F79EFBC}") = "lab1-client", "lab1-client\lab1-client.csproj", "{8F89C2FE-F563-435E-861D-F91490D7C021}"
EndProject
Global
	GlobalSection(SolutionConfigurationPlatforms) = preSolution
		Debug|Any CPU = Debug|Any CPU
		Release|Any CPU = Release|Any CPU
	EndGlobalSection
	GlobalSection(ProjectConfigurationPlatforms) = postSolution
		{8F89C2FE-F563-435E-861D-F91490D7C021}.Debug|Any CPU.ActiveCfg = Debug|Any CPU
		{8F89C2FE-F563-435E-861D-F91490D7C021}.Debug|Any CPU.Build.0 = Debug|Any CPU
		{8F89C2FE-F563-435E-861D-F91490D7C021}.Release|Any CPU.ActiveCfg = Release|Any CPU
		{8F89C2FE-F563-435E-861D-F91490D7C021}.Release|Any CPU.Build.0 = Release|Any CPU
	EndGlobalSection
	GlobalSection(SolutionProperties) = preSolution
		HideSolutionNode = FALSE
	EndGlobalSection
EndGlobal
